<?xml version="1.0" encoding="utf-8"?>
<Project ToolsVersion="4.0" xmlns="http://schemas.microsoft.com/developer/msbuild/2003">
  <ItemGroup>
    <Filter Include="Source Files">
      <UniqueIdentifier>{4FC737F1-C7A5-4376-A066-2A32D752A2FF}</UniqueIdentifier>
      <Extensions>cpp;c;cc;cxx;def;odl;idl;hpj;bat;asm;asmx</Extensions>
    </Filter>
    <Filter Include="Header Files">
      <UniqueIdentifier>{93995380-89BD-4b04-88EB-625FBE52EBFB}</UniqueIdentifier>
      <Extensions>h;hpp;hxx;hm;inl;inc;xsd</Extensions>
    </Filter>
    <Filter Include="Resource Files">
      <UniqueIdentifier>{67DA6AB6-F800-4c08-8B7A-83BB121AAD01}</UniqueIdentifier>
      <Extensions>rc;ico;cur;bmp;dlg;rc2;rct;bin;rgs;gif;jpg;jpeg;jpe;resx;tiff;tif;png;wav;mfcribbon-ms</Extensions>
    </Filter>
  </ItemGroup>
  <ItemGroup>
    <ClCompile Include="app.cpp">
      <Filter>Source Files</Filter>
    </ClCompile>
    <ClCompile Include="Bowling.cpp">
      <Filter>Source Files</Filter>
    </ClCompile>
    <ClCompile Include="main.cpp">
      <Filter>Source Files</Filter>
    </ClCompile>
    <ClCompile Include="Pins.cpp">
      <Filter>Source Files</Filter>
    </ClCompile>
    <ClCompile Include="timing.cpp">
      <Filter>Source Files</Filter>
    </ClCompile>
    <ClCompile Include="BackWall.cpp">
      <Filter>Source Files</Filter>
    </ClCompile>
    <ClCompile Include="Gutter.cpp">
      <Filter>Source Files</Filter>
    </ClCompile>
    <ClCompile Include="Ground.cpp">
      <Filter>Source Files</Filter>
    </ClCompile>
    <ClCompile Include="ModelLoader.cpp">
      <Filter>Source Files</Filter>
    </ClCompile>
    <ClCompile Include="MtlHandler.cpp">
      <Filter>Source Files</Filter>
    </ClCompile>
    <ClCompile Include="TextureLoader.cpp">
      <Filter>Source Files</Filter>
    </ClCompile>
    <ClCompile Include="Vertex.cpp">
      <Filter>Source Files</Filter>
    </ClCompile>
    <ClCompile Include="Face.cpp">
      <Filter>Source Files</Filter>
    </ClCompile>
    <ClCompile Include="TextureVertex.cpp">
      <Filter>Source Files</Filter>
    </ClCompile>
    <ClCompile Include="include\cyclone\body.cpp">
      <Filter>Source Files</Filter>
    </ClCompile>
    <ClCompile Include="include\cyclone\collide_coarse.cpp">
      <Filter>Source Files</Filter>
    </ClCompile>
    <ClCompile Include="include\cyclone\collide_fine.cpp">
      <Filter>Source Files</Filter>
    </ClCompile>
    <ClCompile Include="include\cyclone\contacts.cpp">
      <Filter>Source Files</Filter>
    </ClCompile>
    <ClCompile Include="include\cyclone\core.cpp">
      <Filter>Source Files</Filter>
    </ClCompile>
    <ClCompile Include="include\cyclone\fgen.cpp">
      <Filter>Source Files</Filter>
    </ClCompile>
    <ClCompile Include="include\cyclone\joints.cpp">
      <Filter>Source Files</Filter>
    </ClCompile>
    <ClCompile Include="include\cyclone\particle.cpp">
      <Filter>Source Files</Filter>
    </ClCompile>
    <ClCompile Include="include\cyclone\pcontacts.cpp">
      <Filter>Source Files</Filter>
    </ClCompile>
    <ClCompile Include="include\cyclone\pfgen.cpp">
      <Filter>Source Files</Filter>
    </ClCompile>
    <ClCompile Include="include\cyclone\plinks.cpp">
      <Filter>Source Files</Filter>
    </ClCompile>
    <ClCompile Include="include\cyclone\pworld.cpp">
      <Filter>Source Files</Filter>
    </ClCompile>
    <ClCompile Include="include\cyclone\random.cpp">
      <Filter>Source Files</Filter>
    </ClCompile>
    <ClCompile Include="include\cyclone\world.cpp">
      <Filter>Source Files</Filter>
    </ClCompile>
    <ClCompile Include="Sound.cpp">
      <Filter>Source Files</Filter>
    </ClCompile>
  </ItemGroup>
  <ItemGroup>
    <ClInclude Include="app.h">
      <Filter>Header Files</Filter>
    </ClInclude>
    <ClInclude Include="Bowling.h">
      <Filter>Header Files</Filter>
    </ClInclude>
    <ClInclude Include="Pins.h">
      <Filter>Header Files</Filter>
    </ClInclude>
    <ClInclude Include="timing.h">
      <Filter>Header Files</Filter>
    </ClInclude>
    <ClInclude Include="BackWall.h">
      <Filter>Header Files</Filter>
    </ClInclude>
    <ClInclude Include="Gutter.h">
      <Filter>Header Files</Filter>
    </ClInclude>
    <ClInclude Include="Ground.h">
      <Filter>Header Files</Filter>
    </ClInclude>
    <ClInclude Include="ModelLoader.h">
      <Filter>Header Files</Filter>
    </ClInclude>
    <ClInclude Include="MtlHandler.h">
      <Filter>Header Files</Filter>
    </ClInclude>
    <ClInclude Include="TextureLoader.h">
      <Filter>Header Files</Filter>
    </ClInclude>
    <ClInclude Include="Vertex.h">
      <Filter>Header Files</Filter>
    </ClInclude>
    <ClInclude Include="Face.h">
      <Filter>Header Files</Filter>
    </ClInclude>
    <ClInclude Include="TextureVertex.h">
      <Filter>Header Files</Filter>
    </ClInclude>
    <ClInclude Include="include\cyclone\body.h">
      <Filter>Header Files</Filter>
    </ClInclude>
    <ClInclude Include="include\cyclone\collide_coarse.h">
      <Filter>Header Files</Filter>
    </ClInclude>
    <ClInclude Include="include\cyclone\collide_fine.h">
      <Filter>Header Files</Filter>
    </ClInclude>
    <ClInclude Include="include\cyclone\contacts.h">
      <Filter>Header Files</Filter>
    </ClInclude>
    <ClInclude Include="include\cyclone\core.h">
      <Filter>Header Files</Filter>
    </ClInclude>
    <ClInclude Include="include\cyclone\cyclone.h">
      <Filter>Header Files</Filter>
    </ClInclude>
    <ClInclude Include="include\cyclone\fgen.h">
      <Filter>Header Files</Filter>
    </ClInclude>
    <ClInclude Include="include\cyclone\joints.h">
      <Filter>Header Files</Filter>
    </ClInclude>
    <ClInclude Include="include\cyclone\particle.h">
      <Filter>Header Files</Filter>
    </ClInclude>
    <ClInclude Include="include\cyclone\pcontacts.h">
      <Filter>Header Files</Filter>
    </ClInclude>
    <ClInclude Include="include\cyclone\pfgen.h">
      <Filter>Header Files</Filter>
    </ClInclude>
    <ClInclude Include="include\cyclone\plinks.h">
      <Filter>Header Files</Filter>
    </ClInclude>
    <ClInclude Include="include\cyclone\precision.h">
      <Filter>Header Files</Filter>
    </ClInclude>
    <ClInclude Include="include\cyclone\pworld.h">
      <Filter>Header Files</Filter>
    </ClInclude>
    <ClInclude Include="include\cyclone\random.h">
      <Filter>Header Files</Filter>
    </ClInclude>
    <ClInclude Include="include\cyclone\world.h">
      <Filter>Header Files</Filter>
    </ClInclude>
    <ClInclude Include="Sound.h">
      <Filter>Header Files</Filter>
    </ClInclude>
  </ItemGroup>
  <ItemGroup>
    <None Include="bin\images\textures.txt">
      <Filter>Resource Files</Filter>
    </None>
    <None Include="bin\sounds\sounds.txt">
      <Filter>Resource Files</Filter>
    </None>
  </ItemGroup>
</Project>